
Microsoft Visual Studio Solution File, Format Version 12.00
# Visual Studio 15
VisualStudioVersion = 15.0.28307.489
MinimumVisualStudioVersion = 10.0.40219.1
Project("{FAE04EC0-301F-11D3-BF4B-00C04F79EFBC}") = "RabbitMQConsummer", "RabbitMQConsummer\RabbitMQConsummer.csproj", "{63DAB974-856C-4F6C-ACB8-49ACC4FB832B}"
EndProject
Project("{FAE04EC0-301F-11D3-BF4B-00C04F79EFBC}") = "SendMessage", "SendMessage\SendMessage.csproj", "{8E7F8599-6F8E-43ED-99FE-17EDA4A6AC38}"
EndProject
Global
	GlobalSection(SolutionConfigurationPlatforms) = preSolution
		Debug|Any CPU = Debug|Any CPU
		Release|Any CPU = Release|Any CPU
	EndGlobalSection
	GlobalSection(ProjectConfigurationPlatforms) = postSolution
		{63DAB974-856C-4F6C-ACB8-49ACC4FB832B}.Debug|Any CPU.ActiveCfg = Debug|Any CPU
		{63DAB974-856C-4F6C-ACB8-49ACC4FB832B}.Debug|Any CPU.Build.0 = Debug|Any CPU
		{63DAB974-856C-4F6C-ACB8-49ACC4FB832B}.Release|Any CPU.ActiveCfg = Release|Any CPU
		{63DAB974-856C-4F6C-ACB8-49ACC4FB832B}.Release|Any CPU.Build.0 = Release|Any CPU
		{8E7F8599-6F8E-43ED-99FE-17EDA4A6AC38}.Debug|Any CPU.ActiveCfg = Debug|Any CPU
		{8E7F8599-6F8E-43ED-99FE-17EDA4A6AC38}.Debug|Any CPU.Build.0 = Debug|Any CPU
		{8E7F8599-6F8E-43ED-99FE-17EDA4A6AC38}.Release|Any CPU.ActiveCfg = Release|Any CPU
		{8E7F8599-6F8E-43ED-99FE-17EDA4A6AC38}.Release|Any CPU.Build.0 = Release|Any CPU
	EndGlobalSection
	GlobalSection(SolutionProperties) = preSolution
		HideSolutionNode = FALSE
	EndGlobalSection
	GlobalSection(ExtensibilityGlobals) = postSolution
		SolutionGuid = {78465107-BE3B-4D1B-82EA-E6C25A436C5C}
	EndGlobalSection
EndGlobal
